
Microsoft Visual Studio Solution File, Format Version 12.00
# Visual Studio Version 17
VisualStudioVersion = 17.14.36109.1 d17.14
MinimumVisualStudioVersion = 10.0.40219.1
Project("{FAE04EC0-301F-11D3-BF4B-00C04F79EFBC}") = "millonarioApi", "millonarioApi\millonarioApi.csproj", "{C4726A0E-54FF-4315-A52B-54748F4139FD}"
EndProject
Project("{FAE04EC0-301F-11D3-BF4B-00C04F79EFBC}") = "Millonario.Domain", "Millonario.Domain\Millonario.Domain.csproj", "{EA63F04D-9C46-47AE-B539-DB86808C56DE}"
EndProject
Project("{FAE04EC0-301F-11D3-BF4B-00C04F79EFBC}") = "Millonario.Infrastructure", "Millonario.Infrastructure\Millonario.Infrastructure.csproj", "{0FD27684-40FD-4A5E-A65D-8586ADD4A58F}"
EndProject
Project("{FAE04EC0-301F-11D3-BF4B-00C04F79EFBC}") = "Millonario.Application", "Millonario.Application\Millonario.Application.csproj", "{4C4995CE-8836-43EF-ABE8-6983E7833C78}"
EndProject
Global
	GlobalSection(SolutionConfigurationPlatforms) = preSolution
		Debug|Any CPU = Debug|Any CPU
		Release|Any CPU = Release|Any CPU
	EndGlobalSection
	GlobalSection(ProjectConfigurationPlatforms) = postSolution
		{C4726A0E-54FF-4315-A52B-54748F4139FD}.Debug|Any CPU.ActiveCfg = Debug|Any CPU
		{C4726A0E-54FF-4315-A52B-54748F4139FD}.Debug|Any CPU.Build.0 = Debug|Any CPU
		{C4726A0E-54FF-4315-A52B-54748F4139FD}.Release|Any CPU.ActiveCfg = Release|Any CPU
		{C4726A0E-54FF-4315-A52B-54748F4139FD}.Release|Any CPU.Build.0 = Release|Any CPU
		{EA63F04D-9C46-47AE-B539-DB86808C56DE}.Debug|Any CPU.ActiveCfg = Debug|Any CPU
		{EA63F04D-9C46-47AE-B539-DB86808C56DE}.Debug|Any CPU.Build.0 = Debug|Any CPU
		{EA63F04D-9C46-47AE-B539-DB86808C56DE}.Release|Any CPU.ActiveCfg = Release|Any CPU
		{EA63F04D-9C46-47AE-B539-DB86808C56DE}.Release|Any CPU.Build.0 = Release|Any CPU
		{0FD27684-40FD-4A5E-A65D-8586ADD4A58F}.Debug|Any CPU.ActiveCfg = Debug|Any CPU
		{0FD27684-40FD-4A5E-A65D-8586ADD4A58F}.Debug|Any CPU.Build.0 = Debug|Any CPU
		{0FD27684-40FD-4A5E-A65D-8586ADD4A58F}.Release|Any CPU.ActiveCfg = Release|Any CPU
		{0FD27684-40FD-4A5E-A65D-8586ADD4A58F}.Release|Any CPU.Build.0 = Release|Any CPU
		{4C4995CE-8836-43EF-ABE8-6983E7833C78}.Debug|Any CPU.ActiveCfg = Debug|Any CPU
		{4C4995CE-8836-43EF-ABE8-6983E7833C78}.Debug|Any CPU.Build.0 = Debug|Any CPU
		{4C4995CE-8836-43EF-ABE8-6983E7833C78}.Release|Any CPU.ActiveCfg = Release|Any CPU
		{4C4995CE-8836-43EF-ABE8-6983E7833C78}.Release|Any CPU.Build.0 = Release|Any CPU
	EndGlobalSection
	GlobalSection(SolutionProperties) = preSolution
		HideSolutionNode = FALSE
	EndGlobalSection
	GlobalSection(ExtensibilityGlobals) = postSolution
		SolutionGuid = {CA8CFACD-BE6C-47A8-A862-009462F757F9}
	EndGlobalSection
EndGlobal
